
Microsoft Visual Studio Solution File, Format Version 12.00
# Visual Studio Version 17
VisualStudioVersion = 17.6.33829.357
MinimumVisualStudioVersion = 10.0.40219.1
Project("{FAE04EC0-301F-11D3-BF4B-00C04F79EFBC}") = "Media Player", "Media Player\Media Player.csproj", "{B7B893E5-A672-46AF-96B9-164D3610443C}"
EndProject
Global
	GlobalSection(SolutionConfigurationPlatforms) = preSolution
		Debug|Any CPU = Debug|Any CPU
		Release|Any CPU = Release|Any CPU
	EndGlobalSection
	GlobalSection(ProjectConfigurationPlatforms) = postSolution
		{B7B893E5-A672-46AF-96B9-164D3610443C}.Debug|Any CPU.ActiveCfg = Debug|Any CPU
		{B7B893E5-A672-46AF-96B9-164D3610443C}.Debug|Any CPU.Build.0 = Debug|Any CPU
		{B7B893E5-A672-46AF-96B9-164D3610443C}.Release|Any CPU.ActiveCfg = Release|Any CPU
		{B7B893E5-A672-46AF-96B9-164D3610443C}.Release|Any CPU.Build.0 = Release|Any CPU
	EndGlobalSection
	GlobalSection(SolutionProperties) = preSolution
		HideSolutionNode = FALSE
	EndGlobalSection
	GlobalSection(ExtensibilityGlobals) = postSolution
		SolutionGuid = {BC69C820-AFD0-47CB-901F-B9BCCA57E50F}
	EndGlobalSection
EndGlobal
